
Microsoft Visual Studio Solution File, Format Version 12.00
# Visual Studio 2012
Project("{FAE04EC0-301F-11D3-BF4B-00C04F79EFBC}") = "BattleCity_Project", "BattleCity_Project.csproj", "{5221DB8E-1B48-4E31-8248-17F83387044D}"
EndProject
Global
	GlobalSection(SolutionConfigurationPlatforms) = preSolution
		Debug|Any CPU = Debug|Any CPU
		Release|Any CPU = Release|Any CPU
	EndGlobalSection
	GlobalSection(ProjectConfigurationPlatforms) = postSolution
		{5221DB8E-1B48-4E31-8248-17F83387044D}.Debug|Any CPU.ActiveCfg = Debug|Any CPU
		{5221DB8E-1B48-4E31-8248-17F83387044D}.Debug|Any CPU.Build.0 = Debug|Any CPU
		{5221DB8E-1B48-4E31-8248-17F83387044D}.Release|Any CPU.ActiveCfg = Release|Any CPU
		{5221DB8E-1B48-4E31-8248-17F83387044D}.Release|Any CPU.Build.0 = Release|Any CPU
	EndGlobalSection
	GlobalSection(SolutionProperties) = preSolution
		HideSolutionNode = FALSE
	EndGlobalSection
EndGlobal
