
Microsoft Visual Studio Solution File, Format Version 11.00
# Visual Studio 2010
Project("{FAE04EC0-301F-11D3-BF4B-00C04F79EFBC}") = "Source", "Source.csproj", "{F0D00ACD-B5EB-4693-BBAA-2D6A28C2CA2D}"
EndProject
Global
	GlobalSection(SolutionConfigurationPlatforms) = preSolution
		Debug|x86 = Debug|x86
		Release|x86 = Release|x86
	EndGlobalSection
	GlobalSection(ProjectConfigurationPlatforms) = postSolution
		{F0D00ACD-B5EB-4693-BBAA-2D6A28C2CA2D}.Debug|x86.ActiveCfg = Debug|x86
		{F0D00ACD-B5EB-4693-BBAA-2D6A28C2CA2D}.Debug|x86.Build.0 = Debug|x86
		{F0D00ACD-B5EB-4693-BBAA-2D6A28C2CA2D}.Release|x86.ActiveCfg = Release|x86
		{F0D00ACD-B5EB-4693-BBAA-2D6A28C2CA2D}.Release|x86.Build.0 = Release|x86
	EndGlobalSection
	GlobalSection(SolutionProperties) = preSolution
		HideSolutionNode = FALSE
	EndGlobalSection
EndGlobal
